
Microsoft Visual Studio Solution File, Format Version 12.00
# Visual Studio 15
VisualStudioVersion = 15.0.28307.539
MinimumVisualStudioVersion = 10.0.40219.1
Project("{FAE04EC0-301F-11D3-BF4B-00C04F79EFBC}") = "QuickSort", "QuickSort\QuickSort.csproj", "{637C0FCA-4949-449B-A9B6-40FE83FE14A6}"
EndProject
Global
	GlobalSection(SolutionConfigurationPlatforms) = preSolution
		Debug|Any CPU = Debug|Any CPU
		Release|Any CPU = Release|Any CPU
	EndGlobalSection
	GlobalSection(ProjectConfigurationPlatforms) = postSolution
		{637C0FCA-4949-449B-A9B6-40FE83FE14A6}.Debug|Any CPU.ActiveCfg = Debug|Any CPU
		{637C0FCA-4949-449B-A9B6-40FE83FE14A6}.Debug|Any CPU.Build.0 = Debug|Any CPU
		{637C0FCA-4949-449B-A9B6-40FE83FE14A6}.Release|Any CPU.ActiveCfg = Release|Any CPU
		{637C0FCA-4949-449B-A9B6-40FE83FE14A6}.Release|Any CPU.Build.0 = Release|Any CPU
	EndGlobalSection
	GlobalSection(SolutionProperties) = preSolution
		HideSolutionNode = FALSE
	EndGlobalSection
	GlobalSection(ExtensibilityGlobals) = postSolution
		SolutionGuid = {5CCA0563-A242-46B5-813D-B4E13D50AE07}
	EndGlobalSection
EndGlobal
